<?xml version="1.0" encoding="utf-8"?>
<Project ToolsVersion="4.0" xmlns="http://schemas.microsoft.com/developer/msbuild/2003">
  <ItemGroup>
    <ClCompile Include="git_commands.cpp" />
  </ItemGroup>
  <ItemGroup>
    <ClInclude Include="CloneCommand.h" />
    <ClInclude Include="GitCommand.h" />
    <ClInclude Include="GitDocumentation.h" />
    <ClInclude Include="StatusCommand.h" />
    <ClInclude Include="PushCommand.h" />
    <ClInclude Include="CommitCommand.h" />
  </ItemGroup>
</Project>